// !$*UTF8*$!
{
	archiveVersion = 1;
	classes = {
	};
	objectVersion = 46;
	objects = {

/* Begin PBXBuildFile section */
		313C84601C184396000C27F5 /* AppDelegate.swift in Sources */ = {isa = PBXBuildFile; fileRef = 313C845F1C184396000C27F5 /* AppDelegate.swift */; };
		313C84621C184396000C27F5 /* ViewController.swift in Sources */ = {isa = PBXBuildFile; fileRef = 313C84611C184396000C27F5 /* ViewController.swift */; };
		313C84651C184396000C27F5 /* Main.storyboard in Resources */ = {isa = PBXBuildFile; fileRef = 313C84631C184396000C27F5 /* Main.storyboard */; };
		313C84671C184396000C27F5 /* Assets.xcassets in Resources */ = {isa = PBXBuildFile; fileRef = 313C84661C184396000C27F5 /* Assets.xcassets */; };
		313C846A1C184396000C27F5 /* LaunchScreen.storyboard in Resources */ = {isa = PBXBuildFile; fileRef = 313C84681C184396000C27F5 /* LaunchScreen.storyboard */; };
		313C84721C1844F7000C27F5 /* PopoverContentViewController.swift in Sources */ = {isa = PBXBuildFile; fileRef = 313C846F1C1844F7000C27F5 /* PopoverContentViewController.swift */; };
		313C84731C1844F7000C27F5 /* SearchViewController.swift in Sources */ = {isa = PBXBuildFile; fileRef = 313C84701C1844F7000C27F5 /* SearchViewController.swift */; };
		313C84741C1844F7000C27F5 /* SettingsViewController.swift in Sources */ = {isa = PBXBuildFile; fileRef = 313C84711C1844F7000C27F5 /* SettingsViewController.swift */; };
		313C84761C1844FC000C27F5 /* DefaultSettings.plist in Resources */ = {isa = PBXBuildFile; fileRef = 313C84751C1844FC000C27F5 /* DefaultSettings.plist */; };
		315225542475D17400C29E8F /* Podfile in Resources */ = {isa = PBXBuildFile; fileRef = 315225532475D17400C29E8F /* Podfile */; };
		3188AD7C1C9C72C80066A0C1 /* GoogleService-Info.plist in Resources */ = {isa = PBXBuildFile; fileRef = 3188AD7B1C9C72C80066A0C1 /* GoogleService-Info.plist */; };
		31FD38F01C18BB5700EE1750 /* MapKit.framework in Frameworks */ = {isa = PBXBuildFile; fileRef = 31FF38E81C1833440068A68B /* MapKit.framework */; };
		D33AC8F761B2D68ED67C4E6F /* libPods-Find Where I Was.a in Frameworks */ = {isa = PBXBuildFile; fileRef = 3B59F5A44D1EA1E6DAA204D2 /* libPods-Find Where I Was.a */; };
/* End PBXBuildFile section */

/* Begin PBXFileReference section */
		313C845D1C184395000C27F5 /* Find Where I Was.app */ = {isa = PBXFileReference; explicitFileType = wrapper.application; includeInIndex = 0; path = "Find Where I Was.app"; sourceTree = BUILT_PRODUCTS_DIR; };
		313C845F1C184396000C27F5 /* AppDelegate.swift */ = {isa = PBXFileReference; lastKnownFileType = sourcecode.swift; path = AppDelegate.swift; sourceTree = "<group>"; };
		313C84611C184396000C27F5 /* ViewController.swift */ = {isa = PBXFileReference; lastKnownFileType = sourcecode.swift; path = ViewController.swift; sourceTree = "<group>"; };
		313C84641C184396000C27F5 /* Base */ = {isa = PBXFileReference; lastKnownFileType = file.storyboard; name = Base; path = Base.lproj/Main.storyboard; sourceTree = "<group>"; };
		313C84661C184396000C27F5 /* Assets.xcassets */ = {isa = PBXFileReference; lastKnownFileType = folder.assetcatalog; path = Assets.xcassets; sourceTree = "<group>"; };
		313C84691C184396000C27F5 /* Base */ = {isa = PBXFileReference; lastKnownFileType = file.storyboard; name = Base; path = Base.lproj/LaunchScreen.storyboard; sourceTree = "<group>"; };
		313C846B1C184396000C27F5 /* Info.plist */ = {isa = PBXFileReference; lastKnownFileType = text.plist.xml; path = Info.plist; sourceTree = "<group>"; };
		313C846F1C1844F7000C27F5 /* PopoverContentViewController.swift */ = {isa = PBXFileReference; fileEncoding = 4; lastKnownFileType = sourcecode.swift; path = PopoverContentViewController.swift; sourceTree = "<group>"; };
		313C84701C1844F7000C27F5 /* SearchViewController.swift */ = {isa = PBXFileReference; fileEncoding = 4; lastKnownFileType = sourcecode.swift; path = SearchViewController.swift; sourceTree = "<group>"; };
		313C84711C1844F7000C27F5 /* SettingsViewController.swift */ = {isa = PBXFileReference; fileEncoding = 4; lastKnownFileType = sourcecode.swift; path = SettingsViewController.swift; sourceTree = "<group>"; };
		313C84751C1844FC000C27F5 /* DefaultSettings.plist */ = {isa = PBXFileReference; fileEncoding = 4; lastKnownFileType = text.plist.xml; path = DefaultSettings.plist; sourceTree = "<group>"; };
		315225532475D17400C29E8F /* Podfile */ = {isa = PBXFileReference; fileEncoding = 4; lastKnownFileType = text; path = Podfile; sourceTree = "<group>"; };
		3188AD7B1C9C72C80066A0C1 /* GoogleService-Info.plist */ = {isa = PBXFileReference; fileEncoding = 4; lastKnownFileType = text.plist.xml; path = "GoogleService-Info.plist"; sourceTree = "<group>"; };
		3188AD7D1C9C730A0066A0C1 /* FWIW_Bridging_Header.h */ = {isa = PBXFileReference; lastKnownFileType = sourcecode.c.h; path = FWIW_Bridging_Header.h; sourceTree = "<group>"; };
		31FF38E81C1833440068A68B /* MapKit.framework */ = {isa = PBXFileReference; lastKnownFileType = wrapper.framework; name = MapKit.framework; path = System/Library/Frameworks/MapKit.framework; sourceTree = SDKROOT; };
		3B59F5A44D1EA1E6DAA204D2 /* libPods-Find Where I Was.a */ = {isa = PBXFileReference; explicitFileType = archive.ar; includeInIndex = 0; path = "libPods-Find Where I Was.a"; sourceTree = BUILT_PRODUCTS_DIR; };
		876B580DF8FA52617DCAE15D /* Pods-Find Where I Was.debug.xcconfig */ = {isa = PBXFileReference; includeInIndex = 1; lastKnownFileType = text.xcconfig; name = "Pods-Find Where I Was.debug.xcconfig"; path = "Pods/Target Support Files/Pods-Find Where I Was/Pods-Find Where I Was.debug.xcconfig"; sourceTree = "<group>"; };
		A84C2A2BB6481B2554A5DE60 /* Pods-Find Where I Was.release.xcconfig */ = {isa = PBXFileReference; includeInIndex = 1; lastKnownFileType = text.xcconfig; name = "Pods-Find Where I Was.release.xcconfig"; path = "Pods/Target Support Files/Pods-Find Where I Was/Pods-Find Where I Was.release.xcconfig"; sourceTree = "<group>"; };
/* End PBXFileReference section */

/* Begin PBXFrameworksBuildPhase section */
		313C845A1C184395000C27F5 /* Frameworks */ = {
			isa = PBXFrameworksBuildPhase;
			buildActionMask = 2147483647;
			files = (
				31FD38F01C18BB5700EE1750 /* MapKit.framework in Frameworks */,
				D33AC8F761B2D68ED67C4E6F /* libPods-Find Where I Was.a in Frameworks */,
			);
			runOnlyForDeploymentPostprocessing = 0;
		};
/* End PBXFrameworksBuildPhase section */

/* Begin PBXGroup section */
		059CEFCDAA7A391C85CFDE6A /* Frameworks */ = {
			isa = PBXGroup;
			children = (
				3B59F5A44D1EA1E6DAA204D2 /* libPods-Find Where I Was.a */,
			);
			name = Frameworks;
			sourceTree = "<group>";
		};
		313C845E1C184396000C27F5 /* Find Where I Was */ = {
			isa = PBXGroup;
			children = (
				3188AD7B1C9C72C80066A0C1 /* GoogleService-Info.plist */,
				313C84751C1844FC000C27F5 /* DefaultSettings.plist */,
				313C846F1C1844F7000C27F5 /* PopoverContentViewController.swift */,
				313C84701C1844F7000C27F5 /* SearchViewController.swift */,
				313C84711C1844F7000C27F5 /* SettingsViewController.swift */,
				313C845F1C184396000C27F5 /* AppDelegate.swift */,
				313C84611C184396000C27F5 /* ViewController.swift */,
				313C84631C184396000C27F5 /* Main.storyboard */,
				313C84661C184396000C27F5 /* Assets.xcassets */,
				313C84681C184396000C27F5 /* LaunchScreen.storyboard */,
				313C846B1C184396000C27F5 /* Info.plist */,
				3188AD7D1C9C730A0066A0C1 /* FWIW_Bridging_Header.h */,
			);
			path = "Find Where I Was";
			sourceTree = "<group>";
		};
		31E645C51BFB57ED0050922A = {
			isa = PBXGroup;
			children = (
				315225532475D17400C29E8F /* Podfile */,
				31FF38E81C1833440068A68B /* MapKit.framework */,
				313C845E1C184396000C27F5 /* Find Where I Was */,
				31E645CF1BFB57ED0050922A /* Products */,
				BDFDA01659F9008D177D8A57 /* Pods */,
				059CEFCDAA7A391C85CFDE6A /* Frameworks */,
			);
			sourceTree = "<group>";
		};
		31E645CF1BFB57ED0050922A /* Products */ = {
			isa = PBXGroup;
			children = (
				313C845D1C184395000C27F5 /* Find Where I Was.app */,
			);
			name = Products;
			sourceTree = "<group>";
		};
		BDFDA01659F9008D177D8A57 /* Pods */ = {
			isa = PBXGroup;
			children = (
				876B580DF8FA52617DCAE15D /* Pods-Find Where I Was.debug.xcconfig */,
				A84C2A2BB6481B2554A5DE60 /* Pods-Find Where I Was.release.xcconfig */,
			);
			name = Pods;
			sourceTree = "<group>";
		};
/* End PBXGroup section */

/* Begin PBXNativeTarget section */
		313C845C1C184395000C27F5 /* Find Where I Was */ = {
			isa = PBXNativeTarget;
			buildConfigurationList = 313C846C1C184396000C27F5 /* Build configuration list for PBXNativeTarget "Find Where I Was" */;
			buildPhases = (
				3AD69B9159D7A707AA65E60D /* [CP] Check Pods Manifest.lock */,
				313C84591C184395000C27F5 /* Sources */,
				313C845A1C184395000C27F5 /* Frameworks */,
				313C845B1C184395000C27F5 /* Resources */,
			);
			buildRules = (
			);
			dependencies = (
			);
			name = "Find Where I Was";
			productName = "Find Where I Was";
			productReference = 313C845D1C184395000C27F5 /* Find Where I Was.app */;
			productType = "com.apple.product-type.application";
		};
/* End PBXNativeTarget section */

/* Begin PBXProject section */
		31E645C61BFB57ED0050922A /* Project object */ = {
			isa = PBXProject;
			attributes = {
				LastSwiftUpdateCheck = 0720;
				LastUpgradeCheck = 1140;
				ORGANIZATIONNAME = "Glenn McCartney";
				TargetAttributes = {
					313C845C1C184395000C27F5 = {
						CreatedOnToolsVersion = 7.2;
						DevelopmentTeam = 56Q36M558X;
						LastSwiftMigration = 1140;
						SystemCapabilities = {
							com.apple.Maps.iOS = {
								enabled = 1;
							};
						};
					};
				};
			};
			buildConfigurationList = 31E645C91BFB57ED0050922A /* Build configuration list for PBXProject "Find Where I Was" */;
			compatibilityVersion = "Xcode 3.2";
			developmentRegion = en;
			hasScannedForEncodings = 0;
			knownRegions = (
				en,
				Base,
			);
			mainGroup = 31E645C51BFB57ED0050922A;
			productRefGroup = 31E645CF1BFB57ED0050922A /* Products */;
			projectDirPath = "";
			projectRoot = "";
			targets = (
				313C845C1C184395000C27F5 /* Find Where I Was */,
			);
		};
/* End PBXProject section */

/* Begin PBXResourcesBuildPhase section */
		313C845B1C184395000C27F5 /* Resources */ = {
			isa = PBXResourcesBuildPhase;
			buildActionMask = 2147483647;
			files = (
				315225542475D17400C29E8F /* Podfile in Resources */,
				313C846A1C184396000C27F5 /* LaunchScreen.storyboard in Resources */,
				313C84761C1844FC000C27F5 /* DefaultSettings.plist in Resources */,
				3188AD7C1C9C72C80066A0C1 /* GoogleService-Info.plist in Resources */,
				313C84671C184396000C27F5 /* Assets.xcassets in Resources */,
				313C84651C184396000C27F5 /* Main.storyboard in Resources */,
			);
			runOnlyForDeploymentPostprocessing = 0;
		};
/* End PBXResourcesBuildPhase section */

/* Begin PBXShellScriptBuildPhase section */
		3AD69B9159D7A707AA65E60D /* [CP] Check Pods Manifest.lock */ = {
			isa = PBXShellScriptBuildPhase;
			buildActionMask = 2147483647;
			files = (
			);
			inputPaths = (
				"${PODS_PODFILE_DIR_PATH}/Podfile.lock",
				"${PODS_ROOT}/Manifest.lock",
			);
			name = "[CP] Check Pods Manifest.lock";
			outputPaths = (
				"$(DERIVED_FILE_DIR)/Pods-Find Where I Was-checkManifestLockResult.txt",
			);
			runOnlyForDeploymentPostprocessing = 0;
			shellPath = /bin/sh;
			shellScript = "diff \"${PODS_PODFILE_DIR_PATH}/Podfile.lock\" \"${PODS_ROOT}/Manifest.lock\" > /dev/null\nif [ $? != 0 ] ; then\n    # print error to STDERR\n    echo \"error: The sandbox is not in sync with the Podfile.lock. Run 'pod install' or update your CocoaPods installation.\" >&2\n    exit 1\nfi\n# This output is used by Xcode 'outputs' to avoid re-running this script phase.\necho \"SUCCESS\" > \"${SCRIPT_OUTPUT_FILE_0}\"\n";
			showEnvVarsInLog = 0;
		};
/* End PBXShellScriptBuildPhase section */

/* Begin PBXSourcesBuildPhase section */
		313C84591C184395000C27F5 /* Sources */ = {
			isa = PBXSourcesBuildPhase;
			buildActionMask = 2147483647;
			files = (
				313C84721C1844F7000C27F5 /* PopoverContentViewController.swift in Sources */,
				313C84621C184396000C27F5 /* ViewController.swift in Sources */,
				313C84731C1844F7000C27F5 /* SearchViewController.swift in Sources */,
				313C84741C1844F7000C27F5 /* SettingsViewController.swift in Sources */,
				313C84601C184396000C27F5 /* AppDelegate.swift in Sources */,
			);
			runOnlyForDeploymentPostprocessing = 0;
		};
/* End PBXSourcesBuildPhase section */

/* Begin PBXVariantGroup section */
		313C84631C184396000C27F5 /* Main.storyboard */ = {
			isa = PBXVariantGroup;
			children = (
				313C84641C184396000C27F5 /* Base */,
			);
			name = Main.storyboard;
			sourceTree = "<group>";
		};
		313C84681C184396000C27F5 /* LaunchScreen.storyboard */ = {
			isa = PBXVariantGroup;
			children = (
				313C84691C184396000C27F5 /* Base */,
			);
			name = LaunchScreen.storyboard;
			sourceTree = "<group>";
		};
/* End PBXVariantGroup section */

/* Begin XCBuildConfiguration section */
		313C846D1C184396000C27F5 /* Debug */ = {
			isa = XCBuildConfiguration;
			baseConfigurationReference = 876B580DF8FA52617DCAE15D /* Pods-Find Where I Was.debug.xcconfig */;
			buildSettings = {
				ASSETCATALOG_COMPILER_APPICON_NAME = AppIcon;
				CODE_SIGN_IDENTITY = "iPhone Developer";
				CURRENT_PROJECT_VERSION = 16;
				ENABLE_BITCODE = NO;
				INFOPLIST_FILE = "Find Where I Was/Info.plist";
				IPHONEOS_DEPLOYMENT_TARGET = 12.0;
				LD_RUNPATH_SEARCH_PATHS = "$(inherited) @executable_path/Frameworks";
				MARKETING_VERSION = 1.9;
				OTHER_LDFLAGS = (
					"$(inherited)",
					"-ObjC",
					"-l\"FirebaseCoreDiagnostics\"",
					"-l\"FirebaseInstallations\"",
					"-l\"GoogleDataTransport\"",
					"-l\"GoogleDataTransportCCTSupport\"",
					"-l\"GoogleUtilities\"",
					"-l\"PromisesObjC\"",
					"-l\"c++\"",
					"-l\"nanopb\"",
					"-l\"sqlite3\"",
					"-l\"z\"",
					"-framework",
					"\"AVFoundation\"",
					"-framework",
					"\"AudioToolbox\"",
					"-framework",
					"\"CFNetwork\"",
					"-framework",
					"\"CoreGraphics\"",
					"-framework",
					"\"CoreMedia\"",
					"-framework",
					"\"CoreTelephony\"",
					"-framework",
					"\"CoreVideo\"",
					"-framework",
					"\"FIRAnalyticsConnector\"",
					"-framework",
					"\"FirebaseAnalytics\"",
					"-framework",
					"\"Foundation\"",
					"-framework",
					"\"GoogleAppMeasurement\"",
					"-framework",
					"\"GoogleMobileAds\"",
					"-framework",
					"\"MediaPlayer\"",
					"-framework",
					"\"MessageUI\"",
					"-framework",
					"\"MobileCoreServices\"",
					"-framework",
					"\"QuartzCore\"",
					"-framework",
					"\"Security\"",
					"-framework",
					"\"StoreKit\"",
					"-framework",
					"\"SystemConfiguration\"",
					"-framework",
					"\"UIKit\"",
					"-weak_framework",
					"\"AdSupport\"",
					"-weak_framework",
					"\"JavaScriptCore\"",
					"-weak_framework",
					"\"SafariServices\"",
					"-weak_framework",
					"\"WebKit\"",
				);
				PRODUCT_BUNDLE_IDENTIFIER = com.glennmccartney.findwhereiwas;
				PRODUCT_NAME = "$(TARGET_NAME)";
				SWIFT_OBJC_BRIDGING_HEADER = "Find Where I Was/FWIW_Bridging_Header.h";
				SWIFT_SWIFT3_OBJC_INFERENCE = Default;
				SWIFT_VERSION = 5.0;
			};
			name = Debug;
		};
		313C846E1C184396000C27F5 /* Release */ = {
			isa = XCBuildConfiguration;
			baseConfigurationReference = A84C2A2BB6481B2554A5DE60 /* Pods-Find Where I Was.release.xcconfig */;
			buildSettings = {
				ASSETCATALOG_COMPILER_APPICON_NAME = AppIcon;
				CODE_SIGN_IDENTITY = "iPhone Developer";
				CURRENT_PROJECT_VERSION = 16;
				ENABLE_BITCODE = NO;
				INFOPLIST_FILE = "Find Where I Was/Info.plist";
				IPHONEOS_DEPLOYMENT_TARGET = 12.0;
				LD_RUNPATH_SEARCH_PATHS = "$(inherited) @executable_path/Frameworks";
				MARKETING_VERSION = 1.9;
				OTHER_LDFLAGS = (
					"$(inherited)",
					"-ObjC",
					"-l\"FirebaseCoreDiagnostics\"",
					"-l\"FirebaseInstallations\"",
					"-l\"GoogleDataTransport\"",
					"-l\"GoogleDataTransportCCTSupport\"",
					"-l\"GoogleUtilities\"",
					"-l\"PromisesObjC\"",
					"-l\"c++\"",
					"-l\"nanopb\"",
					"-l\"sqlite3\"",
					"-l\"z\"",
					"-framework",
					"\"AVFoundation\"",
					"-framework",
					"\"AudioToolbox\"",
					"-framework",
					"\"CFNetwork\"",
					"-framework",
					"\"CoreGraphics\"",
					"-framework",
					"\"CoreMedia\"",
					"-framework",
					"\"CoreTelephony\"",
					"-framework",
					"\"CoreVideo\"",
					"-framework",
					"\"FIRAnalyticsConnector\"",
					"-framework",
					"\"FirebaseAnalytics\"",
					"-framework",
					"\"Foundation\"",
					"-framework",
					"\"GoogleAppMeasurement\"",
					"-framework",
					"\"GoogleMobileAds\"",
					"-framework",
					"\"MediaPlayer\"",
					"-framework",
					"\"MessageUI\"",
					"-framework",
					"\"MobileCoreServices\"",
					"-framework",
					"\"QuartzCore\"",
					"-framework",
					"\"Security\"",
					"-framework",
					"\"StoreKit\"",
					"-framework",
					"\"SystemConfiguration\"",
					"-framework",
					"\"UIKit\"",
					"-weak_framework",
					"\"AdSupport\"",
					"-weak_framework",
					"\"JavaScriptCore\"",
					"-weak_framework",
					"\"SafariServices\"",
					"-weak_framework",
					"\"WebKit\"",
				);
				PRODUCT_BUNDLE_IDENTIFIER = com.glennmccartney.findwhereiwas;
				PRODUCT_NAME = "$(TARGET_NAME)";
				SWIFT_OBJC_BRIDGING_HEADER = "Find Where I Was/FWIW_Bridging_Header.h";
				SWIFT_SWIFT3_OBJC_INFERENCE = Default;
				SWIFT_VERSION = 5.0;
			};
			name = Release;
		};
		31E645DE1BFB57ED0050922A /* Debug */ = {
			isa = XCBuildConfiguration;
			buildSettings = {
				ALWAYS_SEARCH_USER_PATHS = NO;
				CLANG_ANALYZER_LOCALIZABILITY_NONLOCALIZED = YES;
				CLANG_CXX_LANGUAGE_STANDARD = "gnu++0x";
				CLANG_CXX_LIBRARY = "libc++";
				CLANG_ENABLE_MODULES = YES;
				CLANG_ENABLE_OBJC_ARC = YES;
				CLANG_WARN_BLOCK_CAPTURE_AUTORELEASING = YES;
				CLANG_WARN_BOOL_CONVERSION = YES;
				CLANG_WARN_COMMA = YES;
				CLANG_WARN_CONSTANT_CONVERSION = YES;
				CLANG_WARN_DEPRECATED_OBJC_IMPLEMENTATIONS = YES;
				CLANG_WARN_DIRECT_OBJC_ISA_USAGE = YES_ERROR;
				CLANG_WARN_EMPTY_BODY = YES;
				CLANG_WARN_ENUM_CONVERSION = YES;
				CLANG_WARN_INFINITE_RECURSION = YES;
				CLANG_WARN_INT_CONVERSION = YES;
				CLANG_WARN_NON_LITERAL_NULL_CONVERSION = YES;
				CLANG_WARN_OBJC_IMPLICIT_RETAIN_SELF = YES;
				CLANG_WARN_OBJC_LITERAL_CONVERSION = YES;
				CLANG_WARN_OBJC_ROOT_CLASS = YES_ERROR;
				CLANG_WARN_RANGE_LOOP_ANALYSIS = YES;
				CLANG_WARN_STRICT_PROTOTYPES = YES;
				CLANG_WARN_SUSPICIOUS_MOVE = YES;
				CLANG_WARN_UNREACHABLE_CODE = YES;
				CLANG_WARN__DUPLICATE_METHOD_MATCH = YES;
				"CODE_SIGN_IDENTITY[sdk=iphoneos*]" = "iPhone Developer";
				COPY_PHASE_STRIP = NO;
				DEBUG_INFORMATION_FORMAT = dwarf;
				ENABLE_BITCODE = NO;
				ENABLE_STRICT_OBJC_MSGSEND = YES;
				ENABLE_TESTABILITY = YES;
				GCC_C_LANGUAGE_STANDARD = gnu99;
				GCC_DYNAMIC_NO_PIC = NO;
				GCC_NO_COMMON_BLOCKS = YES;
				GCC_OPTIMIZATION_LEVEL = 0;
				GCC_PREPROCESSOR_DEFINITIONS = (
					"DEBUG=1",
					"$(inherited)",
				);
				GCC_WARN_64_TO_32_BIT_CONVERSION = YES;
				GCC_WARN_ABOUT_RETURN_TYPE = YES_ERROR;
				GCC_WARN_UNDECLARED_SELECTOR = YES;
				GCC_WARN_UNINITIALIZED_AUTOS = YES_AGGRESSIVE;
				GCC_WARN_UNUSED_FUNCTION = YES;
				GCC_WARN_UNUSED_VARIABLE = YES;
				IPHONEOS_DEPLOYMENT_TARGET = 12.0;
				MTL_ENABLE_DEBUG_INFO = YES;
				ONLY_ACTIVE_ARCH = YES;
				SDKROOT = iphoneos;
				SWIFT_OPTIMIZATION_LEVEL = "-Onone";
				SWIFT_VERSION = 5.0;
				TARGETED_DEVICE_FAMILY = "1,2";
			};
			name = Debug;
		};
		31E645DF1BFB57ED0050922A /* Release */ = {
			isa = XCBuildConfiguration;
			buildSettings = {
				ALWAYS_SEARCH_USER_PATHS = NO;
				CLANG_ANALYZER_LOCALIZABILITY_NONLOCALIZED = YES;
				CLANG_CXX_LANGUAGE_STANDARD = "gnu++0x";
				CLANG_CXX_LIBRARY = "libc++";
				CLANG_ENABLE_MODULES = YES;
				CLANG_ENABLE_OBJC_ARC = YES;
				CLANG_WARN_BLOCK_CAPTURE_AUTORELEASING = YES;
				CLANG_WARN_BOOL_CONVERSION = YES;
				CLANG_WARN_COMMA = YES;
				CLANG_WARN_CONSTANT_CONVERSION = YES;
				CLANG_WARN_DEPRECATED_OBJC_IMPLEMENTATIONS = YES;
				CLANG_WARN_DIRECT_OBJC_ISA_USAGE = YES_ERROR;
				CLANG_WARN_EMPTY_BODY = YES;
				CLANG_WARN_ENUM_CONVERSION = YES;
				CLANG_WARN_INFINITE_RECURSION = YES;
				CLANG_WARN_INT_CONVERSION = YES;
				CLANG_WARN_NON_LITERAL_NULL_CONVERSION = YES;
				CLANG_WARN_OBJC_IMPLICIT_RETAIN_SELF = YES;
				CLANG_WARN_OBJC_LITERAL_CONVERSION = YES;
				CLANG_WARN_OBJC_ROOT_CLASS = YES_ERROR;
				CLANG_WARN_RANGE_LOOP_ANALYSIS = YES;
				CLANG_WARN_STRICT_PROTOTYPES = YES;
				CLANG_WARN_SUSPICIOUS_MOVE = YES;
				CLANG_WARN_UNREACHABLE_CODE = YES;
				CLANG_WARN__DUPLICATE_METHOD_MATCH = YES;
				"CODE_SIGN_IDENTITY[sdk=iphoneos*]" = "iPhone Developer";
				COPY_PHASE_STRIP = NO;
				DEBUG_INFORMATION_FORMAT = "dwarf-with-dsym";
				ENABLE_BITCODE = NO;
				ENABLE_NS_ASSERTIONS = NO;
				ENABLE_STRICT_OBJC_MSGSEND = YES;
				GCC_C_LANGUAGE_STANDARD = gnu99;
				GCC_NO_COMMON_BLOCKS = YES;
				GCC_WARN_64_TO_32_BIT_CONVERSION = YES;
				GCC_WARN_ABOUT_RETURN_TYPE = YES_ERROR;
				GCC_WARN_UNDECLARED_SELECTOR = YES;
				GCC_WARN_UNINITIALIZED_AUTOS = YES_AGGRESSIVE;
				GCC_WARN_UNUSED_FUNCTION = YES;
				GCC_WARN_UNUSED_VARIABLE = YES;
				IPHONEOS_DEPLOYMENT_TARGET = 12.0;
				MTL_ENABLE_DEBUG_INFO = NO;
				SDKROOT = iphoneos;
				SWIFT_OPTIMIZATION_LEVEL = "-Owholemodule";
				SWIFT_VERSION = 5.0;
				TARGETED_DEVICE_FAMILY = "1,2";
				VALIDATE_PRODUCT = YES;
			};
			name = Release;
		};
/* End XCBuildConfiguration section */

/* Begin XCConfigurationList section */
		313C846C1C184396000C27F5 /* Build configuration list for PBXNativeTarget "Find Where I Was" */ = {
			isa = XCConfigurationList;
			buildConfigurations = (
				313C846D1C184396000C27F5 /* Debug */,
				313C846E1C184396000C27F5 /* Release */,
			);
			defaultConfigurationIsVisible = 0;
			defaultConfigurationName = Release;
		};
		31E645C91BFB57ED0050922A /* Build configuration list for PBXProject "Find Where I Was" */ = {
			isa = XCConfigurationList;
			buildConfigurations = (
				31E645DE1BFB57ED0050922A /* Debug */,
				31E645DF1BFB57ED0050922A /* Release */,
			);
			defaultConfigurationIsVisible = 0;
			defaultConfigurationName = Release;
		};
/* End XCConfigurationList section */
	};
	rootObject = 31E645C61BFB57ED0050922A /* Project object */;
}
